
Microsoft Visual Studio Solution File, Format Version 12.00
# Visual Studio 15
VisualStudioVersion = 15.0.26430.6
MinimumVisualStudioVersion = 10.0.40219.1
Project("{9A19103F-16F7-4668-BE54-9A1E7A4F7556}") = "MyCodeCamp", "MyCodeCamp\MyCodeCamp.csproj", "{AF69297B-0390-4055-8D25-D0B1F63C2CA5}"
EndProject
Project("{9A19103F-16F7-4668-BE54-9A1E7A4F7556}") = "MyCodeCamp.Data", "MyCodeCamp.Data\MyCodeCamp.Data.csproj", "{631B500A-D4C5-4989-833E-720F9C6E2A5A}"
EndProject
Global
	GlobalSection(SolutionConfigurationPlatforms) = preSolution
		Debug|Any CPU = Debug|Any CPU
		Release|Any CPU = Release|Any CPU
	EndGlobalSection
	GlobalSection(ProjectConfigurationPlatforms) = postSolution
		{AF69297B-0390-4055-8D25-D0B1F63C2CA5}.Debug|Any CPU.ActiveCfg = Debug|Any CPU
		{AF69297B-0390-4055-8D25-D0B1F63C2CA5}.Debug|Any CPU.Build.0 = Debug|Any CPU
		{AF69297B-0390-4055-8D25-D0B1F63C2CA5}.Release|Any CPU.ActiveCfg = Release|Any CPU
		{AF69297B-0390-4055-8D25-D0B1F63C2CA5}.Release|Any CPU.Build.0 = Release|Any CPU
		{631B500A-D4C5-4989-833E-720F9C6E2A5A}.Debug|Any CPU.ActiveCfg = Debug|Any CPU
		{631B500A-D4C5-4989-833E-720F9C6E2A5A}.Debug|Any CPU.Build.0 = Debug|Any CPU
		{631B500A-D4C5-4989-833E-720F9C6E2A5A}.Release|Any CPU.ActiveCfg = Release|Any CPU
		{631B500A-D4C5-4989-833E-720F9C6E2A5A}.Release|Any CPU.Build.0 = Release|Any CPU
	EndGlobalSection
	GlobalSection(SolutionProperties) = preSolution
		HideSolutionNode = FALSE
	EndGlobalSection
EndGlobal
